
Microsoft Visual Studio Solution File, Format Version 12.00
# Visual Studio 15
VisualStudioVersion = 15.0.26730.12
MinimumVisualStudioVersion = 10.0.40219.1
Project("{FAE04EC0-301F-11D3-BF4B-00C04F79EFBC}") = "FlipSymbol", "FlipSymbol\FlipSymbol.csproj", "{EE0A1288-F935-45AD-A60F-C0D1AEE72BF4}"
EndProject
Global
	GlobalSection(SolutionConfigurationPlatforms) = preSolution
		Debug|Any CPU = Debug|Any CPU
		Release|Any CPU = Release|Any CPU
	EndGlobalSection
	GlobalSection(ProjectConfigurationPlatforms) = postSolution
		{EE0A1288-F935-45AD-A60F-C0D1AEE72BF4}.Debug|Any CPU.ActiveCfg = Debug|Any CPU
		{EE0A1288-F935-45AD-A60F-C0D1AEE72BF4}.Debug|Any CPU.Build.0 = Debug|Any CPU
		{EE0A1288-F935-45AD-A60F-C0D1AEE72BF4}.Release|Any CPU.ActiveCfg = Release|Any CPU
		{EE0A1288-F935-45AD-A60F-C0D1AEE72BF4}.Release|Any CPU.Build.0 = Release|Any CPU
	EndGlobalSection
	GlobalSection(SolutionProperties) = preSolution
		HideSolutionNode = FALSE
	EndGlobalSection
	GlobalSection(ExtensibilityGlobals) = postSolution
		SolutionGuid = {DF2A4482-59B4-43B2-AF75-7E7FC754FA25}
	EndGlobalSection
EndGlobal
